{
  "version": 4,
  "terraform_version": "1.1.6",
  "serial": 3,
  "lineage": "cb050390-c283-2aae-6afe-94028fdb9ca8",
  "outputs": {},
  "resources": [
    {
      "mode": "managed",
      "type": "virtualbox_vm",
      "name": "node",
      "provider": "provider[\"registry.terraform.io/terra-farm/virtualbox\"]",
      "instances": [
        {
          "index_key": 0,
          "status": "tainted",
          "schema_version": 0,
          "attributes": {
            "boot_order": null,
            "checksum": null,
            "checksum_type": null,
            "cpus": 1,
            "id": "a011a28f-6fbc-4035-8b0b-6e638decc0f3",
            "image": "\\\\localhost\\D$\\UKC\\VM\\rhel-8-base.ova",
            "memory": "2.0 gib",
            "name": "rhel-vm-01",
            "network_adapter": [
              {
                "device": "IntelPro1000MTServer",
                "host_interface": "Intel(R) Ethernet Connection (2) I219-V",
                "ipv4_address": "",
                "ipv4_address_available": "",
                "mac_address": "",
                "status": "",
                "type": "bridged"
              }
            ],
            "optical_disks": null,
            "status": "running",
            "url": null,
            "user_data": null
          },
          "sensitive_attributes": [],
          "private": "bnVsbA=="
        }
      ]
    }
  ]
}
